
Microsoft Visual Studio Solution File, Format Version 12.00
# Visual Studio Version 16
VisualStudioVersion = 16.0.30907.101
MinimumVisualStudioVersion = 10.0.40219.1
Project("{FAE04EC0-301F-11D3-BF4B-00C04F79EFBC}") = "My_Trie", "My_Trie.csproj", "{84DA0A24-1493-4220-A5ED-6A37F6694C96}"
EndProject
Global
	GlobalSection(SolutionConfigurationPlatforms) = preSolution
		Debug|Any CPU = Debug|Any CPU
		Release|Any CPU = Release|Any CPU
	EndGlobalSection
	GlobalSection(ProjectConfigurationPlatforms) = postSolution
		{84DA0A24-1493-4220-A5ED-6A37F6694C96}.Debug|Any CPU.ActiveCfg = Debug|Any CPU
		{84DA0A24-1493-4220-A5ED-6A37F6694C96}.Debug|Any CPU.Build.0 = Debug|Any CPU
		{84DA0A24-1493-4220-A5ED-6A37F6694C96}.Release|Any CPU.ActiveCfg = Release|Any CPU
		{84DA0A24-1493-4220-A5ED-6A37F6694C96}.Release|Any CPU.Build.0 = Release|Any CPU
	EndGlobalSection
	GlobalSection(SolutionProperties) = preSolution
		HideSolutionNode = FALSE
	EndGlobalSection
	GlobalSection(ExtensibilityGlobals) = postSolution
		SolutionGuid = {0783B600-0C71-4022-A8F5-3D7EB43D315F}
	EndGlobalSection
EndGlobal
